// !$*UTF8*$!
{
	archiveVersion = 1;
	classes = {
	};
	objectVersion = 50;
	objects = {

/* Begin PBXBuildFile section */
		938C2FD22390F08400E7E58C /* AppDelegate.swift in Sources */ = {isa = PBXBuildFile; fileRef = 938C2FD12390F08400E7E58C /* AppDelegate.swift */; };
		938C2FD42390F08400E7E58C /* SceneDelegate.swift in Sources */ = {isa = PBXBuildFile; fileRef = 938C2FD32390F08400E7E58C /* SceneDelegate.swift */; };
		938C2FD62390F08400E7E58C /* TodoListViewController.swift in Sources */ = {isa = PBXBuildFile; fileRef = 938C2FD52390F08400E7E58C /* TodoListViewController.swift */; };
		938C2FD92390F08400E7E58C /* Main.storyboard in Resources */ = {isa = PBXBuildFile; fileRef = 938C2FD72390F08400E7E58C /* Main.storyboard */; };
		938C2FDB2390F08500E7E58C /* Assets.xcassets in Resources */ = {isa = PBXBuildFile; fileRef = 938C2FDA2390F08500E7E58C /* Assets.xcassets */; };
		938C2FDE2390F08500E7E58C /* LaunchScreen.storyboard in Resources */ = {isa = PBXBuildFile; fileRef = 938C2FDC2390F08500E7E58C /* LaunchScreen.storyboard */; };
		93F79F0423AA13D200E6D316 /* DataModel.xcdatamodeld in Sources */ = {isa = PBXBuildFile; fileRef = 93F79F0223AA13D100E6D316 /* DataModel.xcdatamodeld */; };
		93F79F0623AA44A700E6D316 /* CategoryViewController.swift in Sources */ = {isa = PBXBuildFile; fileRef = 93F79F0523AA44A700E6D316 /* CategoryViewController.swift */; };
/* End PBXBuildFile section */

/* Begin PBXFileReference section */
		938C2FCE2390F08400E7E58C /* ToDoApp.app */ = {isa = PBXFileReference; explicitFileType = wrapper.application; includeInIndex = 0; path = ToDoApp.app; sourceTree = BUILT_PRODUCTS_DIR; };
		938C2FD12390F08400E7E58C /* AppDelegate.swift */ = {isa = PBXFileReference; lastKnownFileType = sourcecode.swift; path = AppDelegate.swift; sourceTree = "<group>"; };
		938C2FD32390F08400E7E58C /* SceneDelegate.swift */ = {isa = PBXFileReference; lastKnownFileType = sourcecode.swift; path = SceneDelegate.swift; sourceTree = "<group>"; };
		938C2FD52390F08400E7E58C /* TodoListViewController.swift */ = {isa = PBXFileReference; lastKnownFileType = sourcecode.swift; path = TodoListViewController.swift; sourceTree = "<group>"; };
		938C2FD82390F08400E7E58C /* Base */ = {isa = PBXFileReference; lastKnownFileType = file.storyboard; name = Base; path = Base.lproj/Main.storyboard; sourceTree = "<group>"; };
		938C2FDA2390F08500E7E58C /* Assets.xcassets */ = {isa = PBXFileReference; lastKnownFileType = folder.assetcatalog; path = Assets.xcassets; sourceTree = "<group>"; };
		938C2FDD2390F08500E7E58C /* Base */ = {isa = PBXFileReference; lastKnownFileType = file.storyboard; name = Base; path = Base.lproj/LaunchScreen.storyboard; sourceTree = "<group>"; };
		938C2FDF2390F08500E7E58C /* Info.plist */ = {isa = PBXFileReference; lastKnownFileType = text.plist.xml; path = Info.plist; sourceTree = "<group>"; };
		93F79F0323AA13D100E6D316 /* DataModel.xcdatamodel */ = {isa = PBXFileReference; lastKnownFileType = wrapper.xcdatamodel; path = DataModel.xcdatamodel; sourceTree = "<group>"; };
		93F79F0523AA44A700E6D316 /* CategoryViewController.swift */ = {isa = PBXFileReference; lastKnownFileType = sourcecode.swift; path = CategoryViewController.swift; sourceTree = "<group>"; };
/* End PBXFileReference section */

/* Begin PBXFrameworksBuildPhase section */
		938C2FCB2390F08400E7E58C /* Frameworks */ = {
			isa = PBXFrameworksBuildPhase;
			buildActionMask = 2147483647;
			files = (
			);
			runOnlyForDeploymentPostprocessing = 0;
		};
/* End PBXFrameworksBuildPhase section */

/* Begin PBXGroup section */
		938C2FC52390F08300E7E58C = {
			isa = PBXGroup;
			children = (
				938C2FD02390F08400E7E58C /* ToDoApp */,
				938C2FCF2390F08400E7E58C /* Products */,
			);
			sourceTree = "<group>";
		};
		938C2FCF2390F08400E7E58C /* Products */ = {
			isa = PBXGroup;
			children = (
				938C2FCE2390F08400E7E58C /* ToDoApp.app */,
			);
			name = Products;
			sourceTree = "<group>";
		};
		938C2FD02390F08400E7E58C /* ToDoApp */ = {
			isa = PBXGroup;
			children = (
				938C2FD12390F08400E7E58C /* AppDelegate.swift */,
				938C2FD32390F08400E7E58C /* SceneDelegate.swift */,
				93F79ED923AA08E800E6D316 /* Controllers */,
				93F79ED823AA08CD00E6D316 /* Data Model */,
				93F79EDA23AA08F500E6D316 /* Views */,
				93F79EDB23AA097700E6D316 /* Supporting Files */,
				938C2FDF2390F08500E7E58C /* Info.plist */,
			);
			path = ToDoApp;
			sourceTree = "<group>";
		};
		93F79ED823AA08CD00E6D316 /* Data Model */ = {
			isa = PBXGroup;
			children = (
				93F79F0223AA13D100E6D316 /* DataModel.xcdatamodeld */,
			);
			path = "Data Model";
			sourceTree = "<group>";
		};
		93F79ED923AA08E800E6D316 /* Controllers */ = {
			isa = PBXGroup;
			children = (
				93F79F0523AA44A700E6D316 /* CategoryViewController.swift */,
				938C2FD52390F08400E7E58C /* TodoListViewController.swift */,
			);
			path = Controllers;
			sourceTree = "<group>";
		};
		93F79EDA23AA08F500E6D316 /* Views */ = {
			isa = PBXGroup;
			children = (
				938C2FD72390F08400E7E58C /* Main.storyboard */,
			);
			name = Views;
			sourceTree = "<group>";
		};
		93F79EDB23AA097700E6D316 /* Supporting Files */ = {
			isa = PBXGroup;
			children = (
				938C2FDA2390F08500E7E58C /* Assets.xcassets */,
				938C2FDC2390F08500E7E58C /* LaunchScreen.storyboard */,
			);
			path = "Supporting Files";
			sourceTree = "<group>";
		};
/* End PBXGroup section */

/* Begin PBXNativeTarget section */
		938C2FCD2390F08400E7E58C /* ToDoApp */ = {
			isa = PBXNativeTarget;
			buildConfigurationList = 938C2FE22390F08500E7E58C /* Build configuration list for PBXNativeTarget "ToDoApp" */;
			buildPhases = (
				938C2FCA2390F08400E7E58C /* Sources */,
				938C2FCB2390F08400E7E58C /* Frameworks */,
				938C2FCC2390F08400E7E58C /* Resources */,
			);
			buildRules = (
			);
			dependencies = (
			);
			name = ToDoApp;
			productName = ToDoApp;
			productReference = 938C2FCE2390F08400E7E58C /* ToDoApp.app */;
			productType = "com.apple.product-type.application";
		};
/* End PBXNativeTarget section */

/* Begin PBXProject section */
		938C2FC62390F08300E7E58C /* Project object */ = {
			isa = PBXProject;
			attributes = {
				LastSwiftUpdateCheck = 1120;
				LastUpgradeCheck = 1120;
				ORGANIZATIONNAME = "Nikola Krstevski";
				TargetAttributes = {
					938C2FCD2390F08400E7E58C = {
						CreatedOnToolsVersion = 11.2.1;
					};
				};
			};
			buildConfigurationList = 938C2FC92390F08400E7E58C /* Build configuration list for PBXProject "ToDoApp" */;
			compatibilityVersion = "Xcode 9.3";
			developmentRegion = en;
			hasScannedForEncodings = 0;
			knownRegions = (
				en,
				Base,
			);
			mainGroup = 938C2FC52390F08300E7E58C;
			productRefGroup = 938C2FCF2390F08400E7E58C /* Products */;
			projectDirPath = "";
			projectRoot = "";
			targets = (
				938C2FCD2390F08400E7E58C /* ToDoApp */,
			);
		};
/* End PBXProject section */

/* Begin PBXResourcesBuildPhase section */
		938C2FCC2390F08400E7E58C /* Resources */ = {
			isa = PBXResourcesBuildPhase;
			buildActionMask = 2147483647;
			files = (
				938C2FDE2390F08500E7E58C /* LaunchScreen.storyboard in Resources */,
				938C2FDB2390F08500E7E58C /* Assets.xcassets in Resources */,
				938C2FD92390F08400E7E58C /* Main.storyboard in Resources */,
			);
			runOnlyForDeploymentPostprocessing = 0;
		};
/* End PBXResourcesBuildPhase section */

/* Begin PBXSourcesBuildPhase section */
		938C2FCA2390F08400E7E58C /* Sources */ = {
			isa = PBXSourcesBuildPhase;
			buildActionMask = 2147483647;
			files = (
				93F79F0623AA44A700E6D316 /* CategoryViewController.swift in Sources */,
				93F79F0423AA13D200E6D316 /* DataModel.xcdatamodeld in Sources */,
				938C2FD62390F08400E7E58C /* TodoListViewController.swift in Sources */,
				938C2FD22390F08400E7E58C /* AppDelegate.swift in Sources */,
				938C2FD42390F08400E7E58C /* SceneDelegate.swift in Sources */,
			);
			runOnlyForDeploymentPostprocessing = 0;
		};
/* End PBXSourcesBuildPhase section */

/* Begin PBXVariantGroup section */
		938C2FD72390F08400E7E58C /* Main.storyboard */ = {
			isa = PBXVariantGroup;
			children = (
				938C2FD82390F08400E7E58C /* Base */,
			);
			name = Main.storyboard;
			sourceTree = "<group>";
		};
		938C2FDC2390F08500E7E58C /* LaunchScreen.storyboard */ = {
			isa = PBXVariantGroup;
			children = (
				938C2FDD2390F08500E7E58C /* Base */,
			);
			name = LaunchScreen.storyboard;
			sourceTree = "<group>";
		};
/* End PBXVariantGroup section */

/* Begin XCBuildConfiguration section */
		938C2FE02390F08500E7E58C /* Debug */ = {
			isa = XCBuildConfiguration;
			buildSettings = {
				ALWAYS_SEARCH_USER_PATHS = NO;
				CLANG_ANALYZER_NONNULL = YES;
				CLANG_ANALYZER_NUMBER_OBJECT_CONVERSION = YES_AGGRESSIVE;
				CLANG_CXX_LANGUAGE_STANDARD = "gnu++14";
				CLANG_CXX_LIBRARY = "libc++";
				CLANG_ENABLE_MODULES = YES;
				CLANG_ENABLE_OBJC_ARC = YES;
				CLANG_ENABLE_OBJC_WEAK = YES;
				CLANG_WARN_BLOCK_CAPTURE_AUTORELEASING = YES;
				CLANG_WARN_BOOL_CONVERSION = YES;
				CLANG_WARN_COMMA = YES;
				CLANG_WARN_CONSTANT_CONVERSION = YES;
				CLANG_WARN_DEPRECATED_OBJC_IMPLEMENTATIONS = YES;
				CLANG_WARN_DIRECT_OBJC_ISA_USAGE = YES_ERROR;
				CLANG_WARN_DOCUMENTATION_COMMENTS = YES;
				CLANG_WARN_EMPTY_BODY = YES;
				CLANG_WARN_ENUM_CONVERSION = YES;
				CLANG_WARN_INFINITE_RECURSION = YES;
				CLANG_WARN_INT_CONVERSION = YES;
				CLANG_WARN_NON_LITERAL_NULL_CONVERSION = YES;
				CLANG_WARN_OBJC_IMPLICIT_RETAIN_SELF = YES;
				CLANG_WARN_OBJC_LITERAL_CONVERSION = YES;
				CLANG_WARN_OBJC_ROOT_CLASS = YES_ERROR;
				CLANG_WARN_RANGE_LOOP_ANALYSIS = YES;
				CLANG_WARN_STRICT_PROTOTYPES = YES;
				CLANG_WARN_SUSPICIOUS_MOVE = YES;
				CLANG_WARN_UNGUARDED_AVAILABILITY = YES_AGGRESSIVE;
				CLANG_WARN_UNREACHABLE_CODE = YES;
				CLANG_WARN__DUPLICATE_METHOD_MATCH = YES;
				COPY_PHASE_STRIP = NO;
				DEBUG_INFORMATION_FORMAT = dwarf;
				ENABLE_STRICT_OBJC_MSGSEND = YES;
				ENABLE_TESTABILITY = YES;
				GCC_C_LANGUAGE_STANDARD = gnu11;
				GCC_DYNAMIC_NO_PIC = NO;
				GCC_NO_COMMON_BLOCKS = YES;
				GCC_OPTIMIZATION_LEVEL = 0;
				GCC_PREPROCESSOR_DEFINITIONS = (
					"DEBUG=1",
					"$(inherited)",
				);
				GCC_WARN_64_TO_32_BIT_CONVERSION = YES;
				GCC_WARN_ABOUT_RETURN_TYPE = YES_ERROR;
				GCC_WARN_UNDECLARED_SELECTOR = YES;
				GCC_WARN_UNINITIALIZED_AUTOS = YES_AGGRESSIVE;
				GCC_WARN_UNUSED_FUNCTION = YES;
				GCC_WARN_UNUSED_VARIABLE = YES;
				IPHONEOS_DEPLOYMENT_TARGET = 13.2;
				MTL_ENABLE_DEBUG_INFO = INCLUDE_SOURCE;
				MTL_FAST_MATH = YES;
				ONLY_ACTIVE_ARCH = YES;
				SDKROOT = iphoneos;
				SWIFT_ACTIVE_COMPILATION_CONDITIONS = DEBUG;
				SWIFT_OPTIMIZATION_LEVEL = "-Onone";
			};
			name = Debug;
		};
		938C2FE12390F08500E7E58C /* Release */ = {
			isa = XCBuildConfiguration;
			buildSettings = {
				ALWAYS_SEARCH_USER_PATHS = NO;
				CLANG_ANALYZER_NONNULL = YES;
				CLANG_ANALYZER_NUMBER_OBJECT_CONVERSION = YES_AGGRESSIVE;
				CLANG_CXX_LANGUAGE_STANDARD = "gnu++14";
				CLANG_CXX_LIBRARY = "libc++";
				CLANG_ENABLE_MODULES = YES;
				CLANG_ENABLE_OBJC_ARC = YES;
				CLANG_ENABLE_OBJC_WEAK = YES;
				CLANG_WARN_BLOCK_CAPTURE_AUTORELEASING = YES;
				CLANG_WARN_BOOL_CONVERSION = YES;
				CLANG_WARN_COMMA = YES;
				CLANG_WARN_CONSTANT_CONVERSION = YES;
				CLANG_WARN_DEPRECATED_OBJC_IMPLEMENTATIONS = YES;
				CLANG_WARN_DIRECT_OBJC_ISA_USAGE = YES_ERROR;
				CLANG_WARN_DOCUMENTATION_COMMENTS = YES;
				CLANG_WARN_EMPTY_BODY = YES;
				CLANG_WARN_ENUM_CONVERSION = YES;
				CLANG_WARN_INFINITE_RECURSION = YES;
				CLANG_WARN_INT_CONVERSION = YES;
				CLANG_WARN_NON_LITERAL_NULL_CONVERSION = YES;
				CLANG_WARN_OBJC_IMPLICIT_RETAIN_SELF = YES;
				CLANG_WARN_OBJC_LITERAL_CONVERSION = YES;
				CLANG_WARN_OBJC_ROOT_CLASS = YES_ERROR;
				CLANG_WARN_RANGE_LOOP_ANALYSIS = YES;
				CLANG_WARN_STRICT_PROTOTYPES = YES;
				CLANG_WARN_SUSPICIOUS_MOVE = YES;
				CLANG_WARN_UNGUARDED_AVAILABILITY = YES_AGGRESSIVE;
				CLANG_WARN_UNREACHABLE_CODE = YES;
				CLANG_WARN__DUPLICATE_METHOD_MATCH = YES;
				COPY_PHASE_STRIP = NO;
				DEBUG_INFORMATION_FORMAT = "dwarf-with-dsym";
				ENABLE_NS_ASSERTIONS = NO;
				ENABLE_STRICT_OBJC_MSGSEND = YES;
				GCC_C_LANGUAGE_STANDARD = gnu11;
				GCC_NO_COMMON_BLOCKS = YES;
				GCC_WARN_64_TO_32_BIT_CONVERSION = YES;
				GCC_WARN_ABOUT_RETURN_TYPE = YES_ERROR;
				GCC_WARN_UNDECLARED_SELECTOR = YES;
				GCC_WARN_UNINITIALIZED_AUTOS = YES_AGGRESSIVE;
				GCC_WARN_UNUSED_FUNCTION = YES;
				GCC_WARN_UNUSED_VARIABLE = YES;
				IPHONEOS_DEPLOYMENT_TARGET = 13.2;
				MTL_ENABLE_DEBUG_INFO = NO;
				MTL_FAST_MATH = YES;
				SDKROOT = iphoneos;
				SWIFT_COMPILATION_MODE = wholemodule;
				SWIFT_OPTIMIZATION_LEVEL = "-O";
				VALIDATE_PRODUCT = YES;
			};
			name = Release;
		};
		938C2FE32390F08500E7E58C /* Debug */ = {
			isa = XCBuildConfiguration;
			buildSettings = {
				ASSETCATALOG_COMPILER_APPICON_NAME = AppIcon;
				CODE_SIGN_STYLE = Automatic;
				DEVELOPMENT_TEAM = TA288926NA;
				INFOPLIST_FILE = ToDoApp/Info.plist;
				LD_RUNPATH_SEARCH_PATHS = (
					"$(inherited)",
					"@executable_path/Frameworks",
				);
				PRODUCT_BUNDLE_IDENTIFIER = com.krstevskinikola.ToDoApp;
				PRODUCT_NAME = "$(TARGET_NAME)";
				SWIFT_VERSION = 5.0;
				TARGETED_DEVICE_FAMILY = "1,2";
			};
			name = Debug;
		};
		938C2FE42390F08500E7E58C /* Release */ = {
			isa = XCBuildConfiguration;
			buildSettings = {
				ASSETCATALOG_COMPILER_APPICON_NAME = AppIcon;
				CODE_SIGN_STYLE = Automatic;
				DEVELOPMENT_TEAM = TA288926NA;
				INFOPLIST_FILE = ToDoApp/Info.plist;
				LD_RUNPATH_SEARCH_PATHS = (
					"$(inherited)",
					"@executable_path/Frameworks",
				);
				PRODUCT_BUNDLE_IDENTIFIER = com.krstevskinikola.ToDoApp;
				PRODUCT_NAME = "$(TARGET_NAME)";
				SWIFT_VERSION = 5.0;
				TARGETED_DEVICE_FAMILY = "1,2";
			};
			name = Release;
		};
/* End XCBuildConfiguration section */

/* Begin XCConfigurationList section */
		938C2FC92390F08400E7E58C /* Build configuration list for PBXProject "ToDoApp" */ = {
			isa = XCConfigurationList;
			buildConfigurations = (
				938C2FE02390F08500E7E58C /* Debug */,
				938C2FE12390F08500E7E58C /* Release */,
			);
			defaultConfigurationIsVisible = 0;
			defaultConfigurationName = Release;
		};
		938C2FE22390F08500E7E58C /* Build configuration list for PBXNativeTarget "ToDoApp" */ = {
			isa = XCConfigurationList;
			buildConfigurations = (
				938C2FE32390F08500E7E58C /* Debug */,
				938C2FE42390F08500E7E58C /* Release */,
			);
			defaultConfigurationIsVisible = 0;
			defaultConfigurationName = Release;
		};
/* End XCConfigurationList section */

/* Begin XCVersionGroup section */
		93F79F0223AA13D100E6D316 /* DataModel.xcdatamodeld */ = {
			isa = XCVersionGroup;
			children = (
				93F79F0323AA13D100E6D316 /* DataModel.xcdatamodel */,
			);
			currentVersion = 93F79F0323AA13D100E6D316 /* DataModel.xcdatamodel */;
			path = DataModel.xcdatamodeld;
			sourceTree = "<group>";
			versionGroupType = wrapper.xcdatamodel;
		};
/* End XCVersionGroup section */
	};
	rootObject = 938C2FC62390F08300E7E58C /* Project object */;
}
